
Microsoft Visual Studio Solution File, Format Version 12.00
# Visual Studio Version 17
VisualStudioVersion = 17.0.32014.148
MinimumVisualStudioVersion = 10.0.40219.1
Project("{FAE04EC0-301F-11D3-BF4B-00C04F79EFBC}") = "LibraryAPI", "LibraryAPI\LibraryAPI.csproj", "{4022B995-8C84-4D4C-845A-A2001574E1E2}"
EndProject
Global
	GlobalSection(SolutionConfigurationPlatforms) = preSolution
		Debug|Any CPU = Debug|Any CPU
		Release|Any CPU = Release|Any CPU
	EndGlobalSection
	GlobalSection(ProjectConfigurationPlatforms) = postSolution
		{4022B995-8C84-4D4C-845A-A2001574E1E2}.Debug|Any CPU.ActiveCfg = Debug|Any CPU
		{4022B995-8C84-4D4C-845A-A2001574E1E2}.Debug|Any CPU.Build.0 = Debug|Any CPU
		{4022B995-8C84-4D4C-845A-A2001574E1E2}.Release|Any CPU.ActiveCfg = Release|Any CPU
		{4022B995-8C84-4D4C-845A-A2001574E1E2}.Release|Any CPU.Build.0 = Release|Any CPU
	EndGlobalSection
	GlobalSection(SolutionProperties) = preSolution
		HideSolutionNode = FALSE
	EndGlobalSection
	GlobalSection(ExtensibilityGlobals) = postSolution
		SolutionGuid = {EDC6B7CC-3732-45C9-8F46-0C00ED671070}
	EndGlobalSection
EndGlobal
